Microsoft Visual Studio Solution File, Format Version 12.00
# Visual Studio Version 17
VisualStudioVersion = 17.0.31611.283
MinimumVisualStudioVersion = 10.0.40219.1
Project("{9A19103F-16F7-4668-BE54-9A1E7A4F7556}") = "Blazor.Canvas", "Blazor.Canvas\Blazor.Canvas.csproj", "{FB74E9AC-FB45-4EB7-BD83-AACF17522ACD}"
EndProject
Project("{9A19103F-16F7-4668-BE54-9A1E7A4F7556}") = "Blazor.Canvas.Model", "Blazor.Canvas.Model\Blazor.Canvas.Model.csproj", "{7C4D32D2-263B-446F-B4E8-9B0269674708}"
EndProject
Global
	GlobalSection(SolutionConfigurationPlatforms) = preSolution
		Debug|Any CPU = Debug|Any CPU
		Release|Any CPU = Release|Any CPU
	EndGlobalSection
	GlobalSection(ProjectConfigurationPlatforms) = postSolution
		{FB74E9AC-FB45-4EB7-BD83-AACF17522ACD}.Debug|Any CPU.ActiveCfg = Debug|Any CPU
		{FB74E9AC-FB45-4EB7-BD83-AACF17522ACD}.Debug|Any CPU.Build.0 = Debug|Any CPU
		{FB74E9AC-FB45-4EB7-BD83-AACF17522ACD}.Debug|Any CPU.Deploy.0 = Debug|Any CPU
		{FB74E9AC-FB45-4EB7-BD83-AACF17522ACD}.Release|Any CPU.ActiveCfg = Release|Any CPU
		{FB74E9AC-FB45-4EB7-BD83-AACF17522ACD}.Release|Any CPU.Build.0 = Release|Any CPU
		{FB74E9AC-FB45-4EB7-BD83-AACF17522ACD}.Release|Any CPU.Deploy.0 = Release|Any CPU
		{7C4D32D2-263B-446F-B4E8-9B0269674708}.Debug|Any CPU.ActiveCfg = Debug|Any CPU
		{7C4D32D2-263B-446F-B4E8-9B0269674708}.Debug|Any CPU.Build.0 = Debug|Any CPU
		{7C4D32D2-263B-446F-B4E8-9B0269674708}.Release|Any CPU.ActiveCfg = Release|Any CPU
		{7C4D32D2-263B-446F-B4E8-9B0269674708}.Release|Any CPU.Build.0 = Release|Any CPU
	EndGlobalSection
	GlobalSection(SolutionProperties) = preSolution
		HideSolutionNode = FALSE
	EndGlobalSection
	GlobalSection(ExtensibilityGlobals) = postSolution
		        SolutionGuid = {61F7FB11-1E47-470C-91E2-47F8143E1572}
		SolutionGuid = {7FF04B66-59E5-4197-A4D8-1CA1BB69ECBF}
	EndGlobalSection
EndGlobal
